
Microsoft Visual Studio Solution File, Format Version 12.00
# Visual Studio Version 16
VisualStudioVersion = 16.0.30011.22
MinimumVisualStudioVersion = 10.0.40219.1
Project("{FAE04EC0-301F-11D3-BF4B-00C04F79EFBC}") = "WebAssembly", "WebAssembly\WebAssembly.csproj", "{050EEE66-DA94-4946-BD7A-87FB978F4F05}"
EndProject
Global
	GlobalSection(SolutionConfigurationPlatforms) = preSolution
		Debug|Any CPU = Debug|Any CPU
		Release|Any CPU = Release|Any CPU
	EndGlobalSection
	GlobalSection(ProjectConfigurationPlatforms) = postSolution
		{050EEE66-DA94-4946-BD7A-87FB978F4F05}.Debug|Any CPU.ActiveCfg = Debug|Any CPU
		{050EEE66-DA94-4946-BD7A-87FB978F4F05}.Debug|Any CPU.Build.0 = Debug|Any CPU
		{050EEE66-DA94-4946-BD7A-87FB978F4F05}.Release|Any CPU.ActiveCfg = Release|Any CPU
		{050EEE66-DA94-4946-BD7A-87FB978F4F05}.Release|Any CPU.Build.0 = Release|Any CPU
	EndGlobalSection
	GlobalSection(SolutionProperties) = preSolution
		HideSolutionNode = FALSE
	EndGlobalSection
	GlobalSection(ExtensibilityGlobals) = postSolution
		SolutionGuid = {2222A648-33E5-435E-9139-DC066865982F}
	EndGlobalSection
EndGlobal
